
Microsoft Visual Studio Solution File, Format Version 12.00
# Visual Studio Version 17
VisualStudioVersion = 17.13.35913.81 d17.13
MinimumVisualStudioVersion = 10.0.40219.1
Project("{FAE04EC0-301F-11D3-BF4B-00C04F79EFBC}") = "BackEndAutomation", "BackEndAutomation.csproj", "{E8652473-1BB3-F1F9-ADD4-21C997F86EC2}"
EndProject
Global
	GlobalSection(SolutionConfigurationPlatforms) = preSolution
		Debug|Any CPU = Debug|Any CPU
		Release|Any CPU = Release|Any CPU
	EndGlobalSection
	GlobalSection(ProjectConfigurationPlatforms) = postSolution
		{E8652473-1BB3-F1F9-ADD4-21C997F86EC2}.Debug|Any CPU.ActiveCfg = Debug|Any CPU
		{E8652473-1BB3-F1F9-ADD4-21C997F86EC2}.Debug|Any CPU.Build.0 = Debug|Any CPU
		{E8652473-1BB3-F1F9-ADD4-21C997F86EC2}.Release|Any CPU.ActiveCfg = Release|Any CPU
		{E8652473-1BB3-F1F9-ADD4-21C997F86EC2}.Release|Any CPU.Build.0 = Release|Any CPU
	EndGlobalSection
	GlobalSection(SolutionProperties) = preSolution
		HideSolutionNode = FALSE
	EndGlobalSection
	GlobalSection(ExtensibilityGlobals) = postSolution
		SolutionGuid = {F949B639-B733-4948-933A-87F846D121D6}
	EndGlobalSection
EndGlobal
